
Microsoft Visual Studio Solution File, Format Version 12.00
# Visual Studio Version 16
VisualStudioVersion = 25.0.1704.1
MinimumVisualStudioVersion = 10.0.40219.1
Project("{FAE04EC0-301F-11D3-BF4B-00C04F79EFBC}") = "Exam", "Exam\Exam.csproj", "{3E118535-709F-4576-AE75-ED28BE04C7A8}"
EndProject
Global
	GlobalSection(SolutionConfigurationPlatforms) = preSolution
		Debug|Any CPU = Debug|Any CPU
		Release|Any CPU = Release|Any CPU
	EndGlobalSection
	GlobalSection(ProjectConfigurationPlatforms) = postSolution
		{3E118535-709F-4576-AE75-ED28BE04C7A8}.Debug|Any CPU.ActiveCfg = Debug|Any CPU
		{3E118535-709F-4576-AE75-ED28BE04C7A8}.Debug|Any CPU.Build.0 = Debug|Any CPU
		{3E118535-709F-4576-AE75-ED28BE04C7A8}.Release|Any CPU.ActiveCfg = Release|Any CPU
		{3E118535-709F-4576-AE75-ED28BE04C7A8}.Release|Any CPU.Build.0 = Release|Any CPU
	EndGlobalSection
	GlobalSection(SolutionProperties) = preSolution
		HideSolutionNode = FALSE
	EndGlobalSection
	GlobalSection(ExtensibilityGlobals) = postSolution
		SolutionGuid = {29E62141-660A-4AFC-BCAB-9D40671DDFBC}
	EndGlobalSection
EndGlobal
